{
	"name": "@chimericdream/eslint-config-redux-saga",
	"version": "1.0.4",
	"lockfileVersion": 1,
	"requires": true,
	"dependencies": {
		"eslint-plugin-redux-saga": {
			"version": "1.1.1",
			"resolved": "https://registry.npmjs.org/eslint-plugin-redux-saga/-/eslint-plugin-redux-saga-1.1.1.tgz",
			"integrity": "sha512-XCXJ0VNOeqkZaKVKPKwKfPgBh8B2MIgKZ3DCIs8KxyYJgayOLTMCxYFRUZ8ElUSEa22beKyO2Ro8wtwYZspHWw=="
		}
	}
}
