{
	"name": "@chimericdream/eslint-config-redux-saga",
	"version": "2.0.0",
	"lockfileVersion": 1,
	"requires": true,
	"dependencies": {
		"eslint-plugin-redux-saga": {
			"version": "1.2.0",
			"resolved": "https://registry.npmjs.org/eslint-plugin-redux-saga/-/eslint-plugin-redux-saga-1.2.0.tgz",
			"integrity": "sha512-s4Ms1ExUGMxrrSi6QMH/YVJJMaPkelz7lkG1WocoDTOkKQ9pP5+p2PTxhGNL+EPKxp90/uhQuHBJ+T/SMBotpQ=="
		}
	}
}
