{
	"name": "@chimericdream/eslint-config-react-hooks",
	"version": "2.0.0",
	"lockfileVersion": 1,
	"requires": true,
	"dependencies": {
		"eslint-plugin-react-hooks": {
			"version": "4.1.2",
			"resolved": "https://registry.npmjs.org/eslint-plugin-react-hooks/-/eslint-plugin-react-hooks-4.1.2.tgz",
			"integrity": "sha512-ykUeqkGyUGgwTtk78C0o8UG2fzwmgJ0qxBGPp2WqRKsTwcLuVf01kTDRAtOsd4u6whX2XOC8749n2vPydP82fg=="
		}
	}
}
