{
    "name": "@chimericdream/stylelint",
    "version": "1.0.0",
    "lockfileVersion": 1,
    "requires": true,
    "dependencies": {
        "@chimericdream/eslint-config": {
            "version": "2.1.0",
            "resolved": "https://registry.npmjs.org/@chimericdream/eslint-config/-/eslint-config-2.1.0.tgz",
            "integrity": "sha512-/n9R+Mw5lnhBPoX3hbxw26dBwCo/BTP8IwKclPHXm+2V8ZktqT+kpXeuSOfI2d3UVhGtZRBeFt3hrMKnRaf3KA==",
            "dev": true
        }
    }
}
