{
	"name": "@chimericdream/stylelint",
	"version": "1.0.0",
	"lockfileVersion": 1,
	"requires": true,
	"dependencies": {
		"@chimericdream/eslint-config": {
			"version": "3.0.2",
			"resolved": "https://registry.npmjs.org/@chimericdream/eslint-config/-/eslint-config-3.0.2.tgz",
			"integrity": "sha512-DRlwBxhfnF4/KfB08kcDzfrMxwHub+RDIEZqJ6IHMRM4lVvs5f2G5dg28U7/osvlV5RtGovwpnClFykFUJLrRQ==",
			"dev": true
		}
	}
}
